
Microsoft Visual Studio Solution File, Format Version 12.00
# Visual Studio Version 16
VisualStudioVersion = 16.0.30804.86
MinimumVisualStudioVersion = 10.0.40219.1
Project("{FAE04EC0-301F-11D3-BF4B-00C04F79EFBC}") = "4DOKMAG", "4DOKMAG.csproj", "{26CF8900-FB65-4628-8D41-78E5B8B2767C}"
EndProject
Global
	GlobalSection(SolutionConfigurationPlatforms) = preSolution
		Debug|Any CPU = Debug|Any CPU
		Release|Any CPU = Release|Any CPU
	EndGlobalSection
	GlobalSection(ProjectConfigurationPlatforms) = postSolution
		{26CF8900-FB65-4628-8D41-78E5B8B2767C}.Debug|Any CPU.ActiveCfg = Debug|Any CPU
		{26CF8900-FB65-4628-8D41-78E5B8B2767C}.Debug|Any CPU.Build.0 = Debug|Any CPU
		{26CF8900-FB65-4628-8D41-78E5B8B2767C}.Release|Any CPU.ActiveCfg = Release|Any CPU
		{26CF8900-FB65-4628-8D41-78E5B8B2767C}.Release|Any CPU.Build.0 = Release|Any CPU
	EndGlobalSection
	GlobalSection(SolutionProperties) = preSolution
		HideSolutionNode = FALSE
	EndGlobalSection
	GlobalSection(ExtensibilityGlobals) = postSolution
		SolutionGuid = {2B1A5AEA-7A55-4F24-8541-4E09D77FD929}
	EndGlobalSection
EndGlobal
